# THIS IS AN AUTOGENERATED FILE. DO NOT EDIT THIS FILE DIRECTLY.
# yarn lockfile v1


"@fortawesome/fontawesome-free@^5.4.2":
  version "5.4.2"
  resolved "https://registry.yarnpkg.com/@fortawesome/fontawesome-free/-/fontawesome-free-5.4.2.tgz#b2d782da69c45ea61954291e2615a8f7741c96b2"
  integrity sha512-lpruVv/4AkKUujyzHCNJ8yOceBf7Na/pFaX52ZI/BFMCYkUEwiQ1P0viZg//+WelrNNEgvMOvCMDEDaOMZ/u1w==

bootstrap@^3:
  version "3.3.7"
  resolved "https://registry.yarnpkg.com/bootstrap/-/bootstrap-3.3.7.tgz#5a389394549f23330875a3b150656574f8a9eb71"
  integrity sha1-WjiTlFSfIzMIdaOxUGVldPip63E=

themestrap@WISVCH/bootstrap-theme#gh-pages:
  version "0.3.0"
  resolved "https://codeload.github.com/WISVCH/bootstrap-theme/tar.gz/21cc92a37f3efeae03c2e4464260d61033c0deb1"

vue@^2.5.17:
  version "2.5.17"
  resolved "https://registry.yarnpkg.com/vue/-/vue-2.5.17.tgz#0f8789ad718be68ca1872629832ed533589c6ada"
  integrity sha512-mFbcWoDIJi0w0Za4emyLiW72Jae0yjANHbCVquMKijcavBGypqlF7zHRgMa5k4sesdv7hv2rB4JPdZfR+TPfhQ==
